
Microsoft Visual Studio Solution File, Format Version 12.00
# Visual Studio 15
Project("{FAE04EC0-301F-11D3-BF4B-00C04F79EFBC}") = "People.Android", "People.Android\People.Android.csproj", "{2B11F946-7A33-4F98-8C21-5CD1AB18C9BB}"
EndProject
Project("{FAE04EC0-301F-11D3-BF4B-00C04F79EFBC}") = "People.iOS", "People.iOS\People.iOS.csproj", "{67FDA4AE-FDED-4DC3-89D7-4328176E0F1D}"
EndProject
Project("{FAE04EC0-301F-11D3-BF4B-00C04F79EFBC}") = "People", "People\People.csproj", "{DB759918-1F27-4979-8851-8052BBFDB833}"
EndProject
Global
	GlobalSection(SolutionConfigurationPlatforms) = preSolution
		Debug|Any CPU = Debug|Any CPU
		Release|Any CPU = Release|Any CPU
		Debug|iPhoneSimulator = Debug|iPhoneSimulator
		Release|iPhoneSimulator = Release|iPhoneSimulator
		Debug|iPhone = Debug|iPhone
		Release|iPhone = Release|iPhone
		Ad-Hoc|iPhone = Ad-Hoc|iPhone
		AppStore|iPhone = AppStore|iPhone
	EndGlobalSection
	GlobalSection(ProjectConfigurationPlatforms) = postSolution
		{2B11F946-7A33-4F98-8C21-5CD1AB18C9BB}.Debug|Any CPU.ActiveCfg = Debug|Any CPU
		{2B11F946-7A33-4F98-8C21-5CD1AB18C9BB}.Debug|Any CPU.Build.0 = Debug|Any CPU
		{2B11F946-7A33-4F98-8C21-5CD1AB18C9BB}.Release|Any CPU.ActiveCfg = Release|Any CPU
		{2B11F946-7A33-4F98-8C21-5CD1AB18C9BB}.Release|Any CPU.Build.0 = Release|Any CPU
		{2B11F946-7A33-4F98-8C21-5CD1AB18C9BB}.Debug|iPhoneSimulator.ActiveCfg = Debug|Any CPU
		{2B11F946-7A33-4F98-8C21-5CD1AB18C9BB}.Debug|iPhoneSimulator.Build.0 = Debug|Any CPU
		{2B11F946-7A33-4F98-8C21-5CD1AB18C9BB}.Release|iPhoneSimulator.ActiveCfg = Release|Any CPU
		{2B11F946-7A33-4F98-8C21-5CD1AB18C9BB}.Release|iPhoneSimulator.Build.0 = Release|Any CPU
		{2B11F946-7A33-4F98-8C21-5CD1AB18C9BB}.Debug|iPhone.ActiveCfg = Debug|Any CPU
		{2B11F946-7A33-4F98-8C21-5CD1AB18C9BB}.Debug|iPhone.Build.0 = Debug|Any CPU
		{2B11F946-7A33-4F98-8C21-5CD1AB18C9BB}.Release|iPhone.ActiveCfg = Release|Any CPU
		{2B11F946-7A33-4F98-8C21-5CD1AB18C9BB}.Release|iPhone.Build.0 = Release|Any CPU
		{2B11F946-7A33-4F98-8C21-5CD1AB18C9BB}.Ad-Hoc|iPhone.ActiveCfg = Debug|Any CPU
		{2B11F946-7A33-4F98-8C21-5CD1AB18C9BB}.Ad-Hoc|iPhone.Build.0 = Debug|Any CPU
		{2B11F946-7A33-4F98-8C21-5CD1AB18C9BB}.AppStore|iPhone.ActiveCfg = Debug|Any CPU
		{2B11F946-7A33-4F98-8C21-5CD1AB18C9BB}.AppStore|iPhone.Build.0 = Debug|Any CPU
		{67FDA4AE-FDED-4DC3-89D7-4328176E0F1D}.Debug|Any CPU.ActiveCfg = Debug|iPhoneSimulator
		{67FDA4AE-FDED-4DC3-89D7-4328176E0F1D}.Debug|Any CPU.Build.0 = Debug|iPhoneSimulator
		{67FDA4AE-FDED-4DC3-89D7-4328176E0F1D}.Release|Any CPU.ActiveCfg = Release|iPhoneSimulator
		{67FDA4AE-FDED-4DC3-89D7-4328176E0F1D}.Release|Any CPU.Build.0 = Release|iPhoneSimulator
		{67FDA4AE-FDED-4DC3-89D7-4328176E0F1D}.Debug|iPhoneSimulator.ActiveCfg = Debug|iPhoneSimulator
		{67FDA4AE-FDED-4DC3-89D7-4328176E0F1D}.Debug|iPhoneSimulator.Build.0 = Debug|iPhoneSimulator
		{67FDA4AE-FDED-4DC3-89D7-4328176E0F1D}.Release|iPhoneSimulator.ActiveCfg = Release|iPhoneSimulator
		{67FDA4AE-FDED-4DC3-89D7-4328176E0F1D}.Release|iPhoneSimulator.Build.0 = Release|iPhoneSimulator
		{67FDA4AE-FDED-4DC3-89D7-4328176E0F1D}.Debug|iPhone.ActiveCfg = Debug|iPhone
		{67FDA4AE-FDED-4DC3-89D7-4328176E0F1D}.Debug|iPhone.Build.0 = Debug|iPhone
		{67FDA4AE-FDED-4DC3-89D7-4328176E0F1D}.Release|iPhone.ActiveCfg = Release|iPhone
		{67FDA4AE-FDED-4DC3-89D7-4328176E0F1D}.Release|iPhone.Build.0 = Release|iPhone
		{67FDA4AE-FDED-4DC3-89D7-4328176E0F1D}.Ad-Hoc|iPhone.ActiveCfg = Ad-Hoc|iPhone
		{67FDA4AE-FDED-4DC3-89D7-4328176E0F1D}.Ad-Hoc|iPhone.Build.0 = Ad-Hoc|iPhone
		{67FDA4AE-FDED-4DC3-89D7-4328176E0F1D}.AppStore|iPhone.ActiveCfg = AppStore|iPhone
		{67FDA4AE-FDED-4DC3-89D7-4328176E0F1D}.AppStore|iPhone.Build.0 = AppStore|iPhone
		{DB759918-1F27-4979-8851-8052BBFDB833}.Debug|Any CPU.ActiveCfg = Debug|Any CPU
		{DB759918-1F27-4979-8851-8052BBFDB833}.Debug|Any CPU.Build.0 = Debug|Any CPU
		{DB759918-1F27-4979-8851-8052BBFDB833}.Release|Any CPU.ActiveCfg = Release|Any CPU
		{DB759918-1F27-4979-8851-8052BBFDB833}.Release|Any CPU.Build.0 = Release|Any CPU
		{DB759918-1F27-4979-8851-8052BBFDB833}.Debug|iPhoneSimulator.ActiveCfg = Debug|Any CPU
		{DB759918-1F27-4979-8851-8052BBFDB833}.Debug|iPhoneSimulator.Build.0 = Debug|Any CPU
		{DB759918-1F27-4979-8851-8052BBFDB833}.Release|iPhoneSimulator.ActiveCfg = Release|Any CPU
		{DB759918-1F27-4979-8851-8052BBFDB833}.Release|iPhoneSimulator.Build.0 = Release|Any CPU
		{DB759918-1F27-4979-8851-8052BBFDB833}.Debug|iPhone.ActiveCfg = Debug|Any CPU
		{DB759918-1F27-4979-8851-8052BBFDB833}.Debug|iPhone.Build.0 = Debug|Any CPU
		{DB759918-1F27-4979-8851-8052BBFDB833}.Release|iPhone.ActiveCfg = Release|Any CPU
		{DB759918-1F27-4979-8851-8052BBFDB833}.Release|iPhone.Build.0 = Release|Any CPU
		{DB759918-1F27-4979-8851-8052BBFDB833}.Ad-Hoc|iPhone.ActiveCfg = Debug|Any CPU
		{DB759918-1F27-4979-8851-8052BBFDB833}.Ad-Hoc|iPhone.Build.0 = Debug|Any CPU
		{DB759918-1F27-4979-8851-8052BBFDB833}.AppStore|iPhone.ActiveCfg = Debug|Any CPU
		{DB759918-1F27-4979-8851-8052BBFDB833}.AppStore|iPhone.Build.0 = Debug|Any CPU
	EndGlobalSection
EndGlobal
